
Microsoft Visual Studio Solution File, Format Version 12.00
# Visual Studio Version 16
VisualStudioVersion = 16.0.28606.126
MinimumVisualStudioVersion = 10.0.40219.1
Project("{9A19103F-16F7-4668-BE54-9A1E7A4F7556}") = "Macaw.DynamicLoading.Domain", "Macaw.DynamicLoading.Domain\Macaw.DynamicLoading.Domain.csproj", "{ADB4AF08-1270-4EA5-B761-0BD2909ECC73}"
EndProject
Project("{9A19103F-16F7-4668-BE54-9A1E7A4F7556}") = "Macaw.DynamicLoading.WebApp", "Macaw.DynamicLoading.WebApp\Macaw.DynamicLoading.WebApp.csproj", "{095C06C4-771C-4625-A75F-5F084F45557E}"
EndProject
Project("{9A19103F-16F7-4668-BE54-9A1E7A4F7556}") = "Macaw.DynamicLoading.ModuleRegistration", "Macaw.DynamicLoading.ModuleRegistration\Macaw.DynamicLoading.ModuleRegistration.csproj", "{B83D9B33-73D6-412D-BA5D-53E68FD8161F}"
EndProject
Project("{9A19103F-16F7-4668-BE54-9A1E7A4F7556}") = "Macaw.DynamicLoading.MemoryCache", "Macaw.DynamicLoading.MemoryCache\Macaw.DynamicLoading.MemoryCache.csproj", "{50FA7D95-356F-49EE-852A-B34BDC7516C5}"
EndProject
Project("{9A19103F-16F7-4668-BE54-9A1E7A4F7556}") = "Macaw.DynamicLoading.List", "Macaw.DynamicLoading.List\Macaw.DynamicLoading.List.csproj", "{C48769C1-0D0D-421D-AA90-90081A553AB4}"
EndProject
Global
	GlobalSection(SolutionConfigurationPlatforms) = preSolution
		Debug|Any CPU = Debug|Any CPU
		Release|Any CPU = Release|Any CPU
	EndGlobalSection
	GlobalSection(ProjectConfigurationPlatforms) = postSolution
		{ADB4AF08-1270-4EA5-B761-0BD2909ECC73}.Debug|Any CPU.ActiveCfg = Debug|Any CPU
		{ADB4AF08-1270-4EA5-B761-0BD2909ECC73}.Debug|Any CPU.Build.0 = Debug|Any CPU
		{ADB4AF08-1270-4EA5-B761-0BD2909ECC73}.Release|Any CPU.ActiveCfg = Release|Any CPU
		{ADB4AF08-1270-4EA5-B761-0BD2909ECC73}.Release|Any CPU.Build.0 = Release|Any CPU
		{095C06C4-771C-4625-A75F-5F084F45557E}.Debug|Any CPU.ActiveCfg = Debug|Any CPU
		{095C06C4-771C-4625-A75F-5F084F45557E}.Debug|Any CPU.Build.0 = Debug|Any CPU
		{095C06C4-771C-4625-A75F-5F084F45557E}.Release|Any CPU.ActiveCfg = Release|Any CPU
		{095C06C4-771C-4625-A75F-5F084F45557E}.Release|Any CPU.Build.0 = Release|Any CPU
		{B83D9B33-73D6-412D-BA5D-53E68FD8161F}.Debug|Any CPU.ActiveCfg = Debug|Any CPU
		{B83D9B33-73D6-412D-BA5D-53E68FD8161F}.Debug|Any CPU.Build.0 = Debug|Any CPU
		{B83D9B33-73D6-412D-BA5D-53E68FD8161F}.Release|Any CPU.ActiveCfg = Release|Any CPU
		{B83D9B33-73D6-412D-BA5D-53E68FD8161F}.Release|Any CPU.Build.0 = Release|Any CPU
		{50FA7D95-356F-49EE-852A-B34BDC7516C5}.Debug|Any CPU.ActiveCfg = Debug|Any CPU
		{50FA7D95-356F-49EE-852A-B34BDC7516C5}.Debug|Any CPU.Build.0 = Debug|Any CPU
		{50FA7D95-356F-49EE-852A-B34BDC7516C5}.Release|Any CPU.ActiveCfg = Release|Any CPU
		{50FA7D95-356F-49EE-852A-B34BDC7516C5}.Release|Any CPU.Build.0 = Release|Any CPU
		{C48769C1-0D0D-421D-AA90-90081A553AB4}.Debug|Any CPU.ActiveCfg = Debug|Any CPU
		{C48769C1-0D0D-421D-AA90-90081A553AB4}.Debug|Any CPU.Build.0 = Debug|Any CPU
		{C48769C1-0D0D-421D-AA90-90081A553AB4}.Release|Any CPU.ActiveCfg = Release|Any CPU
		{C48769C1-0D0D-421D-AA90-90081A553AB4}.Release|Any CPU.Build.0 = Release|Any CPU
	EndGlobalSection
	GlobalSection(SolutionProperties) = preSolution
		HideSolutionNode = FALSE
	EndGlobalSection
	GlobalSection(ExtensibilityGlobals) = postSolution
		SolutionGuid = {D0C661E3-75A5-48F4-8A3E-86A6A681217A}
	EndGlobalSection
EndGlobal
